
Microsoft Visual Studio Solution File, Format Version 12.00
# Visual Studio Version 17
VisualStudioVersion = 17.0.31903.59
MinimumVisualStudioVersion = 10.0.40219.1
Project("{FAE04EC0-301F-11D3-BF4B-00C04F79EFBC}") = "NanoCore.Templates", "NanoCore.Templates\NanoCore.Templates.csproj", "{DFD79D93-3E0B-463C-AFFD-02802191A67F}"
EndProject
Project("{2150E333-8FDC-42A3-9474-1A3956D46DE8}") = ".solution", ".solution", "{978DB543-1936-4BEB-A8EB-56582D86A78E}"
	ProjectSection(SolutionItems) = preProject
		.gitignore = .gitignore
		icon.png = icon.png
		LICENSE = LICENSE
		README.md = README.md
	EndProjectSection
EndProject
Project("{2150E333-8FDC-42A3-9474-1A3956D46DE8}") = ".github", ".github", "{6C0850A2-E886-49FD-A8DA-201D56A7CEDF}"
EndProject
Project("{2150E333-8FDC-42A3-9474-1A3956D46DE8}") = "workflows", "workflows", "{8C8E7BCD-F119-469A-8685-87D5F6CC2A96}"
	ProjectSection(SolutionItems) = preProject
		.github\workflows\build-and-deploy.yml = .github\workflows\build-and-deploy.yml
	EndProjectSection
EndProject
Global
	GlobalSection(SolutionConfigurationPlatforms) = preSolution
		Debug|Any CPU = Debug|Any CPU
		Debug|x64 = Debug|x64
		Debug|x86 = Debug|x86
		Release|Any CPU = Release|Any CPU
		Release|x64 = Release|x64
		Release|x86 = Release|x86
	EndGlobalSection
	GlobalSection(ProjectConfigurationPlatforms) = postSolution
		{DFD79D93-3E0B-463C-AFFD-02802191A67F}.Debug|Any CPU.ActiveCfg = Debug|Any CPU
		{DFD79D93-3E0B-463C-AFFD-02802191A67F}.Debug|Any CPU.Build.0 = Debug|Any CPU
		{DFD79D93-3E0B-463C-AFFD-02802191A67F}.Debug|x64.ActiveCfg = Debug|Any CPU
		{DFD79D93-3E0B-463C-AFFD-02802191A67F}.Debug|x64.Build.0 = Debug|Any CPU
		{DFD79D93-3E0B-463C-AFFD-02802191A67F}.Debug|x86.ActiveCfg = Debug|Any CPU
		{DFD79D93-3E0B-463C-AFFD-02802191A67F}.Debug|x86.Build.0 = Debug|Any CPU
		{DFD79D93-3E0B-463C-AFFD-02802191A67F}.Release|Any CPU.ActiveCfg = Release|Any CPU
		{DFD79D93-3E0B-463C-AFFD-02802191A67F}.Release|Any CPU.Build.0 = Release|Any CPU
		{DFD79D93-3E0B-463C-AFFD-02802191A67F}.Release|x64.ActiveCfg = Release|Any CPU
		{DFD79D93-3E0B-463C-AFFD-02802191A67F}.Release|x64.Build.0 = Release|Any CPU
		{DFD79D93-3E0B-463C-AFFD-02802191A67F}.Release|x86.ActiveCfg = Release|Any CPU
		{DFD79D93-3E0B-463C-AFFD-02802191A67F}.Release|x86.Build.0 = Release|Any CPU
	EndGlobalSection
	GlobalSection(SolutionProperties) = preSolution
		HideSolutionNode = FALSE
	EndGlobalSection
	GlobalSection(NestedProjects) = preSolution
		{8C8E7BCD-F119-469A-8685-87D5F6CC2A96} = {6C0850A2-E886-49FD-A8DA-201D56A7CEDF}
	EndGlobalSection
EndGlobal
